
Microsoft Visual Studio Solution File, Format Version 12.00
# Visual Studio Version 17
VisualStudioVersion = 17.14.36705.20 d17.14
MinimumVisualStudioVersion = 10.0.40219.1
Project("{FAE04EC0-301F-11D3-BF4B-00C04F79EFBC}") = "QuanLyQuanCafe", "QuanLyQuanCafe\QuanLyQuanCafe.csproj", "{E4867D68-3049-4CC0-984B-92329359785D}"
EndProject
Global
	GlobalSection(SolutionConfigurationPlatforms) = preSolution
		Debug|Any CPU = Debug|Any CPU
		Release|Any CPU = Release|Any CPU
	EndGlobalSection
	GlobalSection(ProjectConfigurationPlatforms) = postSolution
		{E4867D68-3049-4CC0-984B-92329359785D}.Debug|Any CPU.ActiveCfg = Debug|Any CPU
		{E4867D68-3049-4CC0-984B-92329359785D}.Debug|Any CPU.Build.0 = Debug|Any CPU
		{E4867D68-3049-4CC0-984B-92329359785D}.Release|Any CPU.ActiveCfg = Release|Any CPU
		{E4867D68-3049-4CC0-984B-92329359785D}.Release|Any CPU.Build.0 = Release|Any CPU
	EndGlobalSection
	GlobalSection(SolutionProperties) = preSolution
		HideSolutionNode = FALSE
	EndGlobalSection
	GlobalSection(ExtensibilityGlobals) = postSolution
		SolutionGuid = {73085EAC-A5B3-4663-A54E-67E7499B4C9D}
	EndGlobalSection
EndGlobal
